
Microsoft Visual Studio Solution File, Format Version 12.00
# Visual Studio Version 17
VisualStudioVersion = 17.14.36705.20 d17.14
MinimumVisualStudioVersion = 10.0.40219.1
Project("{FAE04EC0-301F-11D3-BF4B-00C04F79EFBC}") = "KYC", "KYC\KYC.csproj", "{DE057B01-DCB7-4613-A464-18D00367FA1A}"
EndProject
Global
	GlobalSection(SolutionConfigurationPlatforms) = preSolution
		Debug|Any CPU = Debug|Any CPU
		Release|Any CPU = Release|Any CPU
	EndGlobalSection
	GlobalSection(ProjectConfigurationPlatforms) = postSolution
		{DE057B01-DCB7-4613-A464-18D00367FA1A}.Debug|Any CPU.ActiveCfg = Debug|Any CPU
		{DE057B01-DCB7-4613-A464-18D00367FA1A}.Debug|Any CPU.Build.0 = Debug|Any CPU
		{DE057B01-DCB7-4613-A464-18D00367FA1A}.Release|Any CPU.ActiveCfg = Release|Any CPU
		{DE057B01-DCB7-4613-A464-18D00367FA1A}.Release|Any CPU.Build.0 = Release|Any CPU
	EndGlobalSection
	GlobalSection(SolutionProperties) = preSolution
		HideSolutionNode = FALSE
	EndGlobalSection
	GlobalSection(ExtensibilityGlobals) = postSolution
		SolutionGuid = {A75DB8CC-AC03-4D4A-8FA4-192C6178E5D1}
	EndGlobalSection
EndGlobal
